
Microsoft Visual Studio Solution File, Format Version 12.00
# Visual Studio 14
VisualStudioVersion = 14.0.23107.0
MinimumVisualStudioVersion = 10.0.40219.1
Project("{FAE04EC0-301F-11D3-BF4B-00C04F79EFBC}") = "Xentry.Desktop", "xEntry_Desktop\Xentry.Desktop.csproj", "{603633AE-3FB3-42AD-9EFC-9446779BCFCC}"
EndProject
Project("{FAE04EC0-301F-11D3-BF4B-00C04F79EFBC}") = "Xentry.Data", "xEntry_Data\Xentry.Data.csproj", "{C9E7FD33-AC1F-40B3-B8CA-EA70F467B4C9}"
EndProject
Project("{FAE04EC0-301F-11D3-BF4B-00C04F79EFBC}") = "Xentry.Utilities", "xEntry_Utilities\Xentry.Utilities.csproj", "{75515EE3-83DC-4D3C-A8EA-6148C02EE767}"
EndProject
Project("{FAE04EC0-301F-11D3-BF4B-00C04F79EFBC}") = "Xentry.Resources", "Xentry.Resources\Xentry.Resources.csproj", "{74DF11A0-9906-46B5-A213-91AD039B3859}"
EndProject
Global
	GlobalSection(SolutionConfigurationPlatforms) = preSolution
		Debug|Any CPU = Debug|Any CPU
		Debug|x64 = Debug|x64
		Release|Any CPU = Release|Any CPU
		Release|x64 = Release|x64
	EndGlobalSection
	GlobalSection(ProjectConfigurationPlatforms) = postSolution
		{603633AE-3FB3-42AD-9EFC-9446779BCFCC}.Debug|Any CPU.ActiveCfg = Debug|Any CPU
		{603633AE-3FB3-42AD-9EFC-9446779BCFCC}.Debug|Any CPU.Build.0 = Debug|Any CPU
		{603633AE-3FB3-42AD-9EFC-9446779BCFCC}.Debug|x64.ActiveCfg = Debug|x64
		{603633AE-3FB3-42AD-9EFC-9446779BCFCC}.Debug|x64.Build.0 = Debug|x64
		{603633AE-3FB3-42AD-9EFC-9446779BCFCC}.Release|Any CPU.ActiveCfg = Release|Any CPU
		{603633AE-3FB3-42AD-9EFC-9446779BCFCC}.Release|Any CPU.Build.0 = Release|Any CPU
		{603633AE-3FB3-42AD-9EFC-9446779BCFCC}.Release|x64.ActiveCfg = Release|x64
		{603633AE-3FB3-42AD-9EFC-9446779BCFCC}.Release|x64.Build.0 = Release|x64
		{C9E7FD33-AC1F-40B3-B8CA-EA70F467B4C9}.Debug|Any CPU.ActiveCfg = Debug|Any CPU
		{C9E7FD33-AC1F-40B3-B8CA-EA70F467B4C9}.Debug|Any CPU.Build.0 = Debug|Any CPU
		{C9E7FD33-AC1F-40B3-B8CA-EA70F467B4C9}.Debug|x64.ActiveCfg = Debug|x64
		{C9E7FD33-AC1F-40B3-B8CA-EA70F467B4C9}.Debug|x64.Build.0 = Debug|x64
		{C9E7FD33-AC1F-40B3-B8CA-EA70F467B4C9}.Release|Any CPU.ActiveCfg = Release|Any CPU
		{C9E7FD33-AC1F-40B3-B8CA-EA70F467B4C9}.Release|Any CPU.Build.0 = Release|Any CPU
		{C9E7FD33-AC1F-40B3-B8CA-EA70F467B4C9}.Release|x64.ActiveCfg = Release|x64
		{C9E7FD33-AC1F-40B3-B8CA-EA70F467B4C9}.Release|x64.Build.0 = Release|x64
		{75515EE3-83DC-4D3C-A8EA-6148C02EE767}.Debug|Any CPU.ActiveCfg = Debug|Any CPU
		{75515EE3-83DC-4D3C-A8EA-6148C02EE767}.Debug|Any CPU.Build.0 = Debug|Any CPU
		{75515EE3-83DC-4D3C-A8EA-6148C02EE767}.Debug|x64.ActiveCfg = Debug|x64
		{75515EE3-83DC-4D3C-A8EA-6148C02EE767}.Debug|x64.Build.0 = Debug|x64
		{75515EE3-83DC-4D3C-A8EA-6148C02EE767}.Release|Any CPU.ActiveCfg = Release|Any CPU
		{75515EE3-83DC-4D3C-A8EA-6148C02EE767}.Release|Any CPU.Build.0 = Release|Any CPU
		{75515EE3-83DC-4D3C-A8EA-6148C02EE767}.Release|x64.ActiveCfg = Release|x64
		{75515EE3-83DC-4D3C-A8EA-6148C02EE767}.Release|x64.Build.0 = Release|x64
		{74DF11A0-9906-46B5-A213-91AD039B3859}.Debug|Any CPU.ActiveCfg = Debug|Any CPU
		{74DF11A0-9906-46B5-A213-91AD039B3859}.Debug|Any CPU.Build.0 = Debug|Any CPU
		{74DF11A0-9906-46B5-A213-91AD039B3859}.Debug|x64.ActiveCfg = Debug|Any CPU
		{74DF11A0-9906-46B5-A213-91AD039B3859}.Debug|x64.Build.0 = Debug|Any CPU
		{74DF11A0-9906-46B5-A213-91AD039B3859}.Release|Any CPU.ActiveCfg = Release|Any CPU
		{74DF11A0-9906-46B5-A213-91AD039B3859}.Release|Any CPU.Build.0 = Release|Any CPU
		{74DF11A0-9906-46B5-A213-91AD039B3859}.Release|x64.ActiveCfg = Release|Any CPU
		{74DF11A0-9906-46B5-A213-91AD039B3859}.Release|x64.Build.0 = Release|Any CPU
	EndGlobalSection
	GlobalSection(SolutionProperties) = preSolution
		HideSolutionNode = FALSE
	EndGlobalSection
EndGlobal
