
Microsoft Visual Studio Solution File, Format Version 12.00
# Visual Studio 14
VisualStudioVersion = 14.0.23107.0
MinimumVisualStudioVersion = 10.0.40219.1
Project("{FAE04EC0-301F-11D3-BF4B-00C04F79EFBC}") = "xEntry", "xEntry.csproj", "{7E840451-B0C1-4062-B8D6-3A958C0E0538}"
EndProject
Project("{FAE04EC0-301F-11D3-BF4B-00C04F79EFBC}") = "xEntry_Data", "ClassLibrary\app_xEntry\xEntry_Data.csproj", "{AB9ED808-CC8F-408B-A8E6-887433F7EBC5}"
EndProject
Project("{FAE04EC0-301F-11D3-BF4B-00C04F79EFBC}") = "xEntry_Model", "..\xEntry.Model\xEntry_Model.csproj", "{22B8F4B2-3AC0-4E78-9294-94666D6EA06E}"
EndProject
Global
	GlobalSection(SolutionConfigurationPlatforms) = preSolution
		Debug|Any CPU = Debug|Any CPU
		Release|Any CPU = Release|Any CPU
	EndGlobalSection
	GlobalSection(ProjectConfigurationPlatforms) = postSolution
		{7E840451-B0C1-4062-B8D6-3A958C0E0538}.Debug|Any CPU.ActiveCfg = Debug|Any CPU
		{7E840451-B0C1-4062-B8D6-3A958C0E0538}.Debug|Any CPU.Build.0 = Debug|Any CPU
		{7E840451-B0C1-4062-B8D6-3A958C0E0538}.Release|Any CPU.ActiveCfg = Release|Any CPU
		{7E840451-B0C1-4062-B8D6-3A958C0E0538}.Release|Any CPU.Build.0 = Release|Any CPU
		{AB9ED808-CC8F-408B-A8E6-887433F7EBC5}.Debug|Any CPU.ActiveCfg = Debug|Any CPU
		{AB9ED808-CC8F-408B-A8E6-887433F7EBC5}.Debug|Any CPU.Build.0 = Debug|Any CPU
		{AB9ED808-CC8F-408B-A8E6-887433F7EBC5}.Release|Any CPU.ActiveCfg = Release|Any CPU
		{AB9ED808-CC8F-408B-A8E6-887433F7EBC5}.Release|Any CPU.Build.0 = Release|Any CPU
		{22B8F4B2-3AC0-4E78-9294-94666D6EA06E}.Debug|Any CPU.ActiveCfg = Debug|Any CPU
		{22B8F4B2-3AC0-4E78-9294-94666D6EA06E}.Debug|Any CPU.Build.0 = Debug|Any CPU
		{22B8F4B2-3AC0-4E78-9294-94666D6EA06E}.Release|Any CPU.ActiveCfg = Release|Any CPU
		{22B8F4B2-3AC0-4E78-9294-94666D6EA06E}.Release|Any CPU.Build.0 = Release|Any CPU
	EndGlobalSection
	GlobalSection(SolutionProperties) = preSolution
		HideSolutionNode = FALSE
	EndGlobalSection
EndGlobal
